# THIS IS AN AUTOGENERATED FILE. DO NOT EDIT THIS FILE DIRECTLY.
# yarn lockfile v1


hoist-non-react-statics@^2.5.0:
  version "2.5.0"
  resolved "https://registry.yarnpkg.com/hoist-non-react-statics/-/hoist-non-react-statics-2.5.0.tgz#d2ca2dfc19c5a91c5a6615ce8e564ef0347e2a40"

mobx-react@^5.1.2:
  version "5.1.2"
  resolved "https://registry.yarnpkg.com/mobx-react/-/mobx-react-5.1.2.tgz#ec5c2d29a1df823dbd1b37e214fa36a0907054e2"
  dependencies:
    hoist-non-react-statics "^2.5.0"
    react-lifecycles-compat "^3.0.2"

mobx@4.0.0:
  version "4.0.0"
  resolved "https://registry.yarnpkg.com/mobx/-/mobx-4.0.0.tgz#3e03d39e2ff187372120db30187b0383f51ec876"

mobx@4.3.0:
  version "4.3.0"
  resolved "https://registry.yarnpkg.com/mobx/-/mobx-4.3.0.tgz#50a5e63fd0197a83c68166ff83ada45b65c859f8"

react-lifecycles-compat@^3.0.2:
  version "3.0.4"
  resolved "https://registry.yarnpkg.com/react-lifecycles-compat/-/react-lifecycles-compat-3.0.4.tgz#4f1a273afdfc8f3488a8c516bfda78f872352362"
